// !$*UTF8*$!
{
	archiveVersion = 1;
	classes = {
	};
	objectVersion = 77;
	objects = {

/* Begin PBXBuildFile section */
		26A000102FC4A00000000001 /* NyanglishWidgetBundle.swift in Sources */ = {isa = PBXBuildFile; fileRef = 26A000022FC4A00000000001 /* NyanglishWidgetBundle.swift */; };
		26A000112FC4A00000000001 /* NyanglishAttendanceWidget.swift in Sources */ = {isa = PBXBuildFile; fileRef = 26A000032FC4A00000000001 /* NyanglishAttendanceWidget.swift */; };
		26A000122FC4A00000000001 /* Nyanglish/Data/Models/DailyContentItem.swift in Sources */ = {isa = PBXBuildFile; fileRef = 26A000042FC4A00000000001 /* Nyanglish/Data/Models/DailyContentItem.swift */; };
		26A000132FC4A00000000001 /* Nyanglish/Data/Models/AttendanceRecord.swift in Sources */ = {isa = PBXBuildFile; fileRef = 26A000052FC4A00000000001 /* Nyanglish/Data/Models/AttendanceRecord.swift */; };
		26A000142FC4A00000000001 /* Nyanglish/Data/API/DailyContentRepository.swift in Sources */ = {isa = PBXBuildFile; fileRef = 26A000062FC4A00000000001 /* Nyanglish/Data/API/DailyContentRepository.swift */; };
		26A000152FC4A00000000001 /* Nyanglish/Data/API/DailyMeowAPIClient.swift in Sources */ = {isa = PBXBuildFile; fileRef = 26A000072FC4A00000000001 /* Nyanglish/Data/API/DailyMeowAPIClient.swift */; };
		26A000162FC4A00000000001 /* Nyanglish/Data/API/DailyMeowAPIError.swift in Sources */ = {isa = PBXBuildFile; fileRef = 26A000082FC4A00000000001 /* Nyanglish/Data/API/DailyMeowAPIError.swift */; };
		26A000172FC4A00000000001 /* Nyanglish/Data/API/DailyMeowDTO.swift in Sources */ = {isa = PBXBuildFile; fileRef = 26A000092FC4A00000000001 /* Nyanglish/Data/API/DailyMeowDTO.swift */; };
		26A000182FC4A00000000001 /* Nyanglish/Data/API/APIConfiguration.swift in Sources */ = {isa = PBXBuildFile; fileRef = 26A0000A2FC4A00000000001 /* Nyanglish/Data/API/APIConfiguration.swift */; };
		26A000192FC4A00000000001 /* Nyanglish/Core/Date/Date+Nyanglish.swift in Sources */ = {isa = PBXBuildFile; fileRef = 26A0000B2FC4A00000000001 /* Nyanglish/Core/Date/Date+Nyanglish.swift */; };
		26A0001A2FC4A00000000001 /* Nyanglish/Shared/Data/NyanglishModelStore.swift in Sources */ = {isa = PBXBuildFile; fileRef = 26A0000C2FC4A00000000001 /* Nyanglish/Shared/Data/NyanglishModelStore.swift */; };
		26A0001B2FC4A00000000001 /* Nyanglish/Assets.xcassets in Resources */ = {isa = PBXBuildFile; fileRef = 26A0000D2FC4A00000000001 /* Nyanglish/Assets.xcassets */; };
		26A0001C2FC4A00000000001 /* NyanglishWidget.appex in Embed Foundation Extensions */ = {isa = PBXBuildFile; fileRef = 26A000012FC4A00000000001 /* NyanglishWidget.appex */; settings = {ATTRIBUTES = (RemoveHeadersOnCopy, ); }; };
			26A0002B2FC4A00000000001 /* Nyanglish/Shared/Data/DailyContentSupplementStore.swift in Sources */ = {isa = PBXBuildFile; fileRef = 26A0002C2FC4A00000000001 /* Nyanglish/Shared/Data/DailyContentSupplementStore.swift */; };
			26A0002D2FC4A00000000001 /* Nyanglish/Shared/Data/AttendanceSyncStore.swift in Sources */ = {isa = PBXBuildFile; fileRef = 26A0002E2FC4A00000000001 /* Nyanglish/Shared/Data/AttendanceSyncStore.swift */; };
			26A0002F2FC4A00000000001 /* Nyanglish/Shared/Data/DailyContentCachePolicy.swift in Sources */ = {isa = PBXBuildFile; fileRef = 26A000302FC4A00000000001 /* Nyanglish/Shared/Data/DailyContentCachePolicy.swift */; };
			26A000322FC4A00000000001 /* Nyanglish/Shared/Data/DailyContentImageCache.swift in Sources */ = {isa = PBXBuildFile; fileRef = 26A000312FC4A00000000001 /* Nyanglish/Shared/Data/DailyContentImageCache.swift */; };
/* End PBXBuildFile section */

/* Begin PBXContainerItemProxy section */
		260BF31C2FB0C3570058DAF5 /* PBXContainerItemProxy */ = {
			isa = PBXContainerItemProxy;
			containerPortal = 260BF3042FB0C3560058DAF5 /* Project object */;
			proxyType = 1;
			remoteGlobalIDString = 260BF30B2FB0C3570058DAF5;
			remoteInfo = Nyanglish;
		};
		260BF3262FB0C3570058DAF5 /* PBXContainerItemProxy */ = {
			isa = PBXContainerItemProxy;
			containerPortal = 260BF3042FB0C3560058DAF5 /* Project object */;
			proxyType = 1;
			remoteGlobalIDString = 260BF30B2FB0C3570058DAF5;
			remoteInfo = Nyanglish;
		};
/* End PBXContainerItemProxy section */

/* Begin PBXCopyFilesBuildPhase section */
		26A000212FC4A00000000001 /* Embed Foundation Extensions */ = {
			isa = PBXCopyFilesBuildPhase;
			buildActionMask = 2147483647;
			dstPath = "";
			dstSubfolderSpec = 13;
			files = (
				26A0001C2FC4A00000000001 /* NyanglishWidget.appex in Embed Foundation Extensions */,
			);
			name = "Embed Foundation Extensions";
			runOnlyForDeploymentPostprocessing = 0;
		};
/* End PBXCopyFilesBuildPhase section */

/* Begin PBXFileReference section */
		260BF30C2FB0C3570058DAF5 /* Nyanglish.app */ = {isa = PBXFileReference; explicitFileType = wrapper.application; includeInIndex = 0; path = Nyanglish.app; sourceTree = BUILT_PRODUCTS_DIR; };
		260BF31B2FB0C3570058DAF5 /* NyanglishTests.xctest */ = {isa = PBXFileReference; explicitFileType = wrapper.cfbundle; includeInIndex = 0; path = NyanglishTests.xctest; sourceTree = BUILT_PRODUCTS_DIR; };
		260BF3252FB0C3570058DAF5 /* NyanglishUITests.xctest */ = {isa = PBXFileReference; explicitFileType = wrapper.cfbundle; includeInIndex = 0; path = NyanglishUITests.xctest; sourceTree = BUILT_PRODUCTS_DIR; };
		26A000012FC4A00000000001 /* NyanglishWidget.appex */ = {isa = PBXFileReference; explicitFileType = "wrapper.app-extension"; includeInIndex = 0; path = NyanglishWidget.appex; sourceTree = BUILT_PRODUCTS_DIR; };
		26A000022FC4A00000000001 /* NyanglishWidgetBundle.swift */ = {isa = PBXFileReference; lastKnownFileType = sourcecode.swift; path = NyanglishWidgetBundle.swift; sourceTree = "<group>"; };
		26A000032FC4A00000000001 /* NyanglishAttendanceWidget.swift */ = {isa = PBXFileReference; lastKnownFileType = sourcecode.swift; path = NyanglishAttendanceWidget.swift; sourceTree = "<group>"; };
		26A000042FC4A00000000001 /* Nyanglish/Data/Models/DailyContentItem.swift */ = {isa = PBXFileReference; lastKnownFileType = sourcecode.swift; path = Nyanglish/Data/Models/DailyContentItem.swift; sourceTree = "<group>"; };
		26A000052FC4A00000000001 /* Nyanglish/Data/Models/AttendanceRecord.swift */ = {isa = PBXFileReference; lastKnownFileType = sourcecode.swift; path = Nyanglish/Data/Models/AttendanceRecord.swift; sourceTree = "<group>"; };
		26A000062FC4A00000000001 /* Nyanglish/Data/API/DailyContentRepository.swift */ = {isa = PBXFileReference; lastKnownFileType = sourcecode.swift; path = Nyanglish/Data/API/DailyContentRepository.swift; sourceTree = "<group>"; };
		26A000072FC4A00000000001 /* Nyanglish/Data/API/DailyMeowAPIClient.swift */ = {isa = PBXFileReference; lastKnownFileType = sourcecode.swift; path = Nyanglish/Data/API/DailyMeowAPIClient.swift; sourceTree = "<group>"; };
		26A000082FC4A00000000001 /* Nyanglish/Data/API/DailyMeowAPIError.swift */ = {isa = PBXFileReference; lastKnownFileType = sourcecode.swift; path = Nyanglish/Data/API/DailyMeowAPIError.swift; sourceTree = "<group>"; };
		26A000092FC4A00000000001 /* Nyanglish/Data/API/DailyMeowDTO.swift */ = {isa = PBXFileReference; lastKnownFileType = sourcecode.swift; path = Nyanglish/Data/API/DailyMeowDTO.swift; sourceTree = "<group>"; };
		26A0000A2FC4A00000000001 /* Nyanglish/Data/API/APIConfiguration.swift */ = {isa = PBXFileReference; lastKnownFileType = sourcecode.swift; path = Nyanglish/Data/API/APIConfiguration.swift; sourceTree = "<group>"; };
		26A0000B2FC4A00000000001 /* Nyanglish/Core/Date/Date+Nyanglish.swift */ = {isa = PBXFileReference; lastKnownFileType = sourcecode.swift; path = "Nyanglish/Core/Date/Date+Nyanglish.swift"; sourceTree = "<group>"; };
		26A0000C2FC4A00000000001 /* Nyanglish/Shared/Data/NyanglishModelStore.swift */ = {isa = PBXFileReference; lastKnownFileType = sourcecode.swift; path = Nyanglish/Shared/Data/NyanglishModelStore.swift; sourceTree = "<group>"; };
		26A0000D2FC4A00000000001 /* Nyanglish/Assets.xcassets */ = {isa = PBXFileReference; lastKnownFileType = folder.assetcatalog; path = Nyanglish/Assets.xcassets; sourceTree = "<group>"; };
			26A0002C2FC4A00000000001 /* Nyanglish/Shared/Data/DailyContentSupplementStore.swift */ = {isa = PBXFileReference; lastKnownFileType = sourcecode.swift; path = Nyanglish/Shared/Data/DailyContentSupplementStore.swift; sourceTree = "<group>"; };
			26A0002E2FC4A00000000001 /* Nyanglish/Shared/Data/AttendanceSyncStore.swift */ = {isa = PBXFileReference; lastKnownFileType = sourcecode.swift; path = Nyanglish/Shared/Data/AttendanceSyncStore.swift; sourceTree = "<group>"; };
			26A000302FC4A00000000001 /* Nyanglish/Shared/Data/DailyContentCachePolicy.swift */ = {isa = PBXFileReference; lastKnownFileType = sourcecode.swift; path = Nyanglish/Shared/Data/DailyContentCachePolicy.swift; sourceTree = "<group>"; };
			26A000312FC4A00000000001 /* Nyanglish/Shared/Data/DailyContentImageCache.swift */ = {isa = PBXFileReference; lastKnownFileType = sourcecode.swift; path = Nyanglish/Shared/Data/DailyContentImageCache.swift; sourceTree = "<group>"; };
/* End PBXFileReference section */

/* Begin PBXFileSystemSynchronizedRootGroup section */
		260BF30E2FB0C3570058DAF5 /* Nyanglish */ = {
			isa = PBXFileSystemSynchronizedRootGroup;
			path = Nyanglish;
			sourceTree = "<group>";
		};
		260BF31E2FB0C3570058DAF5 /* NyanglishTests */ = {
			isa = PBXFileSystemSynchronizedRootGroup;
			path = NyanglishTests;
			sourceTree = "<group>";
		};
		260BF3282FB0C3570058DAF5 /* NyanglishUITests */ = {
			isa = PBXFileSystemSynchronizedRootGroup;
			path = NyanglishUITests;
			sourceTree = "<group>";
		};
/* End PBXFileSystemSynchronizedRootGroup section */

/* Begin PBXFrameworksBuildPhase section */
		260BF3092FB0C3570058DAF5 /* Frameworks */ = {
			isa = PBXFrameworksBuildPhase;
			buildActionMask = 2147483647;
			files = (
			);
			runOnlyForDeploymentPostprocessing = 0;
		};
		260BF3182FB0C3570058DAF5 /* Frameworks */ = {
			isa = PBXFrameworksBuildPhase;
			buildActionMask = 2147483647;
			files = (
			);
			runOnlyForDeploymentPostprocessing = 0;
		};
		260BF3222FB0C3570058DAF5 /* Frameworks */ = {
			isa = PBXFrameworksBuildPhase;
			buildActionMask = 2147483647;
			files = (
			);
			runOnlyForDeploymentPostprocessing = 0;
		};
		26A000202FC4A00000000001 /* Frameworks */ = {
			isa = PBXFrameworksBuildPhase;
			buildActionMask = 2147483647;
			files = (
			);
			runOnlyForDeploymentPostprocessing = 0;
		};
/* End PBXFrameworksBuildPhase section */

/* Begin PBXGroup section */
		260BF3032FB0C3560058DAF5 = {
			isa = PBXGroup;
			children = (
				260BF30E2FB0C3570058DAF5 /* Nyanglish */,
				260BF31E2FB0C3570058DAF5 /* NyanglishTests */,
				260BF3282FB0C3570058DAF5 /* NyanglishUITests */,
				26A0002A2FC4A00000000001 /* NyanglishWidget */,
				260BF30D2FB0C3570058DAF5 /* Products */,
				267E691E2FC458640065F665 /* Recovered References */,
			);
			sourceTree = "<group>";
		};
		260BF30D2FB0C3570058DAF5 /* Products */ = {
			isa = PBXGroup;
			children = (
				260BF30C2FB0C3570058DAF5 /* Nyanglish.app */,
				26A000012FC4A00000000001 /* NyanglishWidget.appex */,
				260BF31B2FB0C3570058DAF5 /* NyanglishTests.xctest */,
				260BF3252FB0C3570058DAF5 /* NyanglishUITests.xctest */,
			);
			name = Products;
			sourceTree = "<group>";
		};
		267E691E2FC458640065F665 /* Recovered References */ = {
			isa = PBXGroup;
			children = (
				26A000042FC4A00000000001 /* Nyanglish/Data/Models/DailyContentItem.swift */,
				26A000052FC4A00000000001 /* Nyanglish/Data/Models/AttendanceRecord.swift */,
				26A000062FC4A00000000001 /* Nyanglish/Data/API/DailyContentRepository.swift */,
				26A000072FC4A00000000001 /* Nyanglish/Data/API/DailyMeowAPIClient.swift */,
				26A000082FC4A00000000001 /* Nyanglish/Data/API/DailyMeowAPIError.swift */,
				26A000092FC4A00000000001 /* Nyanglish/Data/API/DailyMeowDTO.swift */,
				26A0000A2FC4A00000000001 /* Nyanglish/Data/API/APIConfiguration.swift */,
				26A0000B2FC4A00000000001 /* Nyanglish/Core/Date/Date+Nyanglish.swift */,
				26A0000C2FC4A00000000001 /* Nyanglish/Shared/Data/NyanglishModelStore.swift */,
					26A0002C2FC4A00000000001 /* Nyanglish/Shared/Data/DailyContentSupplementStore.swift */,
					26A0002E2FC4A00000000001 /* Nyanglish/Shared/Data/AttendanceSyncStore.swift */,
					26A000302FC4A00000000001 /* Nyanglish/Shared/Data/DailyContentCachePolicy.swift */,
					26A000312FC4A00000000001 /* Nyanglish/Shared/Data/DailyContentImageCache.swift */,
					26A0000D2FC4A00000000001 /* Nyanglish/Assets.xcassets */,
			);
			name = "Recovered References";
			sourceTree = "<group>";
		};
		26A0002A2FC4A00000000001 /* NyanglishWidget */ = {
			isa = PBXGroup;
			children = (
				26A000022FC4A00000000001 /* NyanglishWidgetBundle.swift */,
				26A000032FC4A00000000001 /* NyanglishAttendanceWidget.swift */,
			);
			path = NyanglishWidget;
			sourceTree = "<group>";
		};
/* End PBXGroup section */

/* Begin PBXNativeTarget section */
		260BF30B2FB0C3570058DAF5 /* Nyanglish */ = {
			isa = PBXNativeTarget;
			buildConfigurationList = 260BF32F2FB0C3570058DAF5 /* Build configuration list for PBXNativeTarget "Nyanglish" */;
			buildPhases = (
				260BF3082FB0C3570058DAF5 /* Sources */,
				260BF3092FB0C3570058DAF5 /* Frameworks */,
				260BF30A2FB0C3570058DAF5 /* Resources */,
				26A000212FC4A00000000001 /* Embed Foundation Extensions */,
			);
			buildRules = (
			);
			dependencies = (
			);
			fileSystemSynchronizedGroups = (
				260BF30E2FB0C3570058DAF5 /* Nyanglish */,
			);
			name = Nyanglish;
			packageProductDependencies = (
			);
			productName = Nyanglish;
			productReference = 260BF30C2FB0C3570058DAF5 /* Nyanglish.app */;
			productType = "com.apple.product-type.application";
		};
		260BF31A2FB0C3570058DAF5 /* NyanglishTests */ = {
			isa = PBXNativeTarget;
			buildConfigurationList = 260BF3322FB0C3570058DAF5 /* Build configuration list for PBXNativeTarget "NyanglishTests" */;
			buildPhases = (
				260BF3172FB0C3570058DAF5 /* Sources */,
				260BF3182FB0C3570058DAF5 /* Frameworks */,
				260BF3192FB0C3570058DAF5 /* Resources */,
			);
			buildRules = (
			);
			dependencies = (
				260BF31D2FB0C3570058DAF5 /* PBXTargetDependency */,
			);
			fileSystemSynchronizedGroups = (
				260BF31E2FB0C3570058DAF5 /* NyanglishTests */,
			);
			name = NyanglishTests;
			packageProductDependencies = (
			);
			productName = NyanglishTests;
			productReference = 260BF31B2FB0C3570058DAF5 /* NyanglishTests.xctest */;
			productType = "com.apple.product-type.bundle.unit-test";
		};
		260BF3242FB0C3570058DAF5 /* NyanglishUITests */ = {
			isa = PBXNativeTarget;
			buildConfigurationList = 260BF3352FB0C3570058DAF5 /* Build configuration list for PBXNativeTarget "NyanglishUITests" */;
			buildPhases = (
				260BF3212FB0C3570058DAF5 /* Sources */,
				260BF3222FB0C3570058DAF5 /* Frameworks */,
				260BF3232FB0C3570058DAF5 /* Resources */,
			);
			buildRules = (
			);
			dependencies = (
				260BF3272FB0C3570058DAF5 /* PBXTargetDependency */,
			);
			fileSystemSynchronizedGroups = (
				260BF3282FB0C3570058DAF5 /* NyanglishUITests */,
			);
			name = NyanglishUITests;
			packageProductDependencies = (
			);
			productName = NyanglishUITests;
			productReference = 260BF3252FB0C3570058DAF5 /* NyanglishUITests.xctest */;
			productType = "com.apple.product-type.bundle.ui-testing";
		};
		26A000222FC4A00000000001 /* NyanglishWidget */ = {
			isa = PBXNativeTarget;
			buildConfigurationList = 26A000252FC4A00000000001 /* Build configuration list for PBXNativeTarget "NyanglishWidget" */;
			buildPhases = (
				26A000232FC4A00000000001 /* Sources */,
				26A000202FC4A00000000001 /* Frameworks */,
				26A000242FC4A00000000001 /* Resources */,
			);
			buildRules = (
			);
			dependencies = (
			);
			name = NyanglishWidget;
			packageProductDependencies = (
			);
			productName = NyanglishWidget;
			productReference = 26A000012FC4A00000000001 /* NyanglishWidget.appex */;
			productType = "com.apple.product-type.app-extension";
		};
/* End PBXNativeTarget section */

/* Begin PBXProject section */
		260BF3042FB0C3560058DAF5 /* Project object */ = {
			isa = PBXProject;
			attributes = {
				BuildIndependentTargetsInParallel = 1;
				LastSwiftUpdateCheck = 2640;
				LastUpgradeCheck = 2640;
				TargetAttributes = {
					260BF30B2FB0C3570058DAF5 = {
						CreatedOnToolsVersion = 26.4.1;
					};
					260BF31A2FB0C3570058DAF5 = {
						CreatedOnToolsVersion = 26.4.1;
						TestTargetID = 260BF30B2FB0C3570058DAF5;
					};
					260BF3242FB0C3570058DAF5 = {
						CreatedOnToolsVersion = 26.4.1;
						TestTargetID = 260BF30B2FB0C3570058DAF5;
					};
					26A000222FC4A00000000001 = {
						CreatedOnToolsVersion = 26.4.1;
					};
				};
			};
			buildConfigurationList = 260BF3072FB0C3560058DAF5 /* Build configuration list for PBXProject "Nyanglish" */;
			developmentRegion = en;
			hasScannedForEncodings = 0;
			knownRegions = (
				en,
				Base,
			);
			mainGroup = 260BF3032FB0C3560058DAF5;
			minimizedProjectReferenceProxies = 1;
			preferredProjectObjectVersion = 77;
			productRefGroup = 260BF30D2FB0C3570058DAF5 /* Products */;
			projectDirPath = "";
			projectRoot = "";
			targets = (
				260BF30B2FB0C3570058DAF5 /* Nyanglish */,
				26A000222FC4A00000000001 /* NyanglishWidget */,
				260BF31A2FB0C3570058DAF5 /* NyanglishTests */,
				260BF3242FB0C3570058DAF5 /* NyanglishUITests */,
			);
		};
/* End PBXProject section */

/* Begin PBXResourcesBuildPhase section */
		260BF30A2FB0C3570058DAF5 /* Resources */ = {
			isa = PBXResourcesBuildPhase;
			buildActionMask = 2147483647;
			files = (
			);
			runOnlyForDeploymentPostprocessing = 0;
		};
		260BF3192FB0C3570058DAF5 /* Resources */ = {
			isa = PBXResourcesBuildPhase;
			buildActionMask = 2147483647;
			files = (
			);
			runOnlyForDeploymentPostprocessing = 0;
		};
		260BF3232FB0C3570058DAF5 /* Resources */ = {
			isa = PBXResourcesBuildPhase;
			buildActionMask = 2147483647;
			files = (
			);
			runOnlyForDeploymentPostprocessing = 0;
		};
		26A000242FC4A00000000001 /* Resources */ = {
			isa = PBXResourcesBuildPhase;
			buildActionMask = 2147483647;
			files = (
				26A0001B2FC4A00000000001 /* Nyanglish/Assets.xcassets in Resources */,
			);
			runOnlyForDeploymentPostprocessing = 0;
		};
/* End PBXResourcesBuildPhase section */

/* Begin PBXSourcesBuildPhase section */
		260BF3082FB0C3570058DAF5 /* Sources */ = {
			isa = PBXSourcesBuildPhase;
			buildActionMask = 2147483647;
			files = (
			);
			runOnlyForDeploymentPostprocessing = 0;
		};
		260BF3172FB0C3570058DAF5 /* Sources */ = {
			isa = PBXSourcesBuildPhase;
			buildActionMask = 2147483647;
			files = (
			);
			runOnlyForDeploymentPostprocessing = 0;
		};
		260BF3212FB0C3570058DAF5 /* Sources */ = {
			isa = PBXSourcesBuildPhase;
			buildActionMask = 2147483647;
			files = (
			);
			runOnlyForDeploymentPostprocessing = 0;
		};
		26A000232FC4A00000000001 /* Sources */ = {
			isa = PBXSourcesBuildPhase;
			buildActionMask = 2147483647;
			files = (
				26A000102FC4A00000000001 /* NyanglishWidgetBundle.swift in Sources */,
				26A000112FC4A00000000001 /* NyanglishAttendanceWidget.swift in Sources */,
				26A000122FC4A00000000001 /* Nyanglish/Data/Models/DailyContentItem.swift in Sources */,
				26A000132FC4A00000000001 /* Nyanglish/Data/Models/AttendanceRecord.swift in Sources */,
				26A000142FC4A00000000001 /* Nyanglish/Data/API/DailyContentRepository.swift in Sources */,
				26A000152FC4A00000000001 /* Nyanglish/Data/API/DailyMeowAPIClient.swift in Sources */,
				26A000162FC4A00000000001 /* Nyanglish/Data/API/DailyMeowAPIError.swift in Sources */,
				26A000172FC4A00000000001 /* Nyanglish/Data/API/DailyMeowDTO.swift in Sources */,
				26A000182FC4A00000000001 /* Nyanglish/Data/API/APIConfiguration.swift in Sources */,
				26A000192FC4A00000000001 /* Nyanglish/Core/Date/Date+Nyanglish.swift in Sources */,
				26A0001A2FC4A00000000001 /* Nyanglish/Shared/Data/NyanglishModelStore.swift in Sources */,
					26A0002B2FC4A00000000001 /* Nyanglish/Shared/Data/DailyContentSupplementStore.swift in Sources */,
					26A0002D2FC4A00000000001 /* Nyanglish/Shared/Data/AttendanceSyncStore.swift in Sources */,
					26A0002F2FC4A00000000001 /* Nyanglish/Shared/Data/DailyContentCachePolicy.swift in Sources */,
					26A000322FC4A00000000001 /* Nyanglish/Shared/Data/DailyContentImageCache.swift in Sources */,
				);
			runOnlyForDeploymentPostprocessing = 0;
		};
/* End PBXSourcesBuildPhase section */

/* Begin PBXTargetDependency section */
		260BF31D2FB0C3570058DAF5 /* PBXTargetDependency */ = {
			isa = PBXTargetDependency;
			target = 260BF30B2FB0C3570058DAF5 /* Nyanglish */;
			targetProxy = 260BF31C2FB0C3570058DAF5 /* PBXContainerItemProxy */;
		};
		260BF3272FB0C3570058DAF5 /* PBXTargetDependency */ = {
			isa = PBXTargetDependency;
			target = 260BF30B2FB0C3570058DAF5 /* Nyanglish */;
			targetProxy = 260BF3262FB0C3570058DAF5 /* PBXContainerItemProxy */;
		};
/* End PBXTargetDependency section */

/* Begin XCBuildConfiguration section */
		260BF32D2FB0C3570058DAF5 /* Debug */ = {
			isa = XCBuildConfiguration;
			buildSettings = {
				ALWAYS_SEARCH_USER_PATHS = NO;
				ASSETCATALOG_COMPILER_GENERATE_SWIFT_ASSET_SYMBOL_EXTENSIONS = YES;
				CLANG_ANALYZER_NONNULL = YES;
				CLANG_ANALYZER_NUMBER_OBJECT_CONVERSION = YES_AGGRESSIVE;
				CLANG_CXX_LANGUAGE_STANDARD = "gnu++20";
				CLANG_ENABLE_MODULES = YES;
				CLANG_ENABLE_OBJC_ARC = YES;
				CLANG_ENABLE_OBJC_WEAK = YES;
				CLANG_WARN_BLOCK_CAPTURE_AUTORELEASING = YES;
				CLANG_WARN_BOOL_CONVERSION = YES;
				CLANG_WARN_COMMA = YES;
				CLANG_WARN_CONSTANT_CONVERSION = YES;
				CLANG_WARN_DEPRECATED_OBJC_IMPLEMENTATIONS = YES;
				CLANG_WARN_DIRECT_OBJC_ISA_USAGE = YES_ERROR;
				CLANG_WARN_DOCUMENTATION_COMMENTS = YES;
				CLANG_WARN_EMPTY_BODY = YES;
				CLANG_WARN_ENUM_CONVERSION = YES;
				CLANG_WARN_INFINITE_RECURSION = YES;
				CLANG_WARN_INT_CONVERSION = YES;
				CLANG_WARN_NON_LITERAL_NULL_CONVERSION = YES;
				CLANG_WARN_OBJC_IMPLICIT_RETAIN_SELF = YES;
				CLANG_WARN_OBJC_LITERAL_CONVERSION = YES;
				CLANG_WARN_OBJC_ROOT_CLASS = YES_ERROR;
				CLANG_WARN_QUOTED_INCLUDE_IN_FRAMEWORK_HEADER = YES;
				CLANG_WARN_RANGE_LOOP_ANALYSIS = YES;
				CLANG_WARN_STRICT_PROTOTYPES = YES;
				CLANG_WARN_SUSPICIOUS_MOVE = YES;
				CLANG_WARN_UNGUARDED_AVAILABILITY = YES_AGGRESSIVE;
				CLANG_WARN_UNREACHABLE_CODE = YES;
				CLANG_WARN__DUPLICATE_METHOD_MATCH = YES;
				COPY_PHASE_STRIP = NO;
				DEBUG_INFORMATION_FORMAT = dwarf;
				ENABLE_STRICT_OBJC_MSGSEND = YES;
				ENABLE_TESTABILITY = YES;
				ENABLE_USER_SCRIPT_SANDBOXING = YES;
				GCC_C_LANGUAGE_STANDARD = gnu17;
				GCC_DYNAMIC_NO_PIC = NO;
				GCC_NO_COMMON_BLOCKS = YES;
				GCC_OPTIMIZATION_LEVEL = 0;
				GCC_PREPROCESSOR_DEFINITIONS = (
					"DEBUG=1",
					"$(inherited)",
				);
				GCC_WARN_64_TO_32_BIT_CONVERSION = YES;
				GCC_WARN_ABOUT_RETURN_TYPE = YES_ERROR;
				GCC_WARN_UNDECLARED_SELECTOR = YES;
				GCC_WARN_UNINITIALIZED_AUTOS = YES_AGGRESSIVE;
				GCC_WARN_UNUSED_FUNCTION = YES;
				GCC_WARN_UNUSED_VARIABLE = YES;
				IPHONEOS_DEPLOYMENT_TARGET = 26.4;
				LOCALIZATION_PREFERS_STRING_CATALOGS = YES;
				MTL_ENABLE_DEBUG_INFO = INCLUDE_SOURCE;
				MTL_FAST_MATH = YES;
				ONLY_ACTIVE_ARCH = YES;
				SDKROOT = iphoneos;
				SWIFT_ACTIVE_COMPILATION_CONDITIONS = "DEBUG $(inherited)";
				SWIFT_OPTIMIZATION_LEVEL = "-Onone";
			};
			name = Debug;
		};
		260BF32E2FB0C3570058DAF5 /* Release */ = {
			isa = XCBuildConfiguration;
			buildSettings = {
				ALWAYS_SEARCH_USER_PATHS = NO;
				ASSETCATALOG_COMPILER_GENERATE_SWIFT_ASSET_SYMBOL_EXTENSIONS = YES;
				CLANG_ANALYZER_NONNULL = YES;
				CLANG_ANALYZER_NUMBER_OBJECT_CONVERSION = YES_AGGRESSIVE;
				CLANG_CXX_LANGUAGE_STANDARD = "gnu++20";
				CLANG_ENABLE_MODULES = YES;
				CLANG_ENABLE_OBJC_ARC = YES;
				CLANG_ENABLE_OBJC_WEAK = YES;
				CLANG_WARN_BLOCK_CAPTURE_AUTORELEASING = YES;
				CLANG_WARN_BOOL_CONVERSION = YES;
				CLANG_WARN_COMMA = YES;
				CLANG_WARN_CONSTANT_CONVERSION = YES;
				CLANG_WARN_DEPRECATED_OBJC_IMPLEMENTATIONS = YES;
				CLANG_WARN_DIRECT_OBJC_ISA_USAGE = YES_ERROR;
				CLANG_WARN_DOCUMENTATION_COMMENTS = YES;
				CLANG_WARN_EMPTY_BODY = YES;
				CLANG_WARN_ENUM_CONVERSION = YES;
				CLANG_WARN_INFINITE_RECURSION = YES;
				CLANG_WARN_INT_CONVERSION = YES;
				CLANG_WARN_NON_LITERAL_NULL_CONVERSION = YES;
				CLANG_WARN_OBJC_IMPLICIT_RETAIN_SELF = YES;
				CLANG_WARN_OBJC_LITERAL_CONVERSION = YES;
				CLANG_WARN_OBJC_ROOT_CLASS = YES_ERROR;
				CLANG_WARN_QUOTED_INCLUDE_IN_FRAMEWORK_HEADER = YES;
				CLANG_WARN_RANGE_LOOP_ANALYSIS = YES;
				CLANG_WARN_STRICT_PROTOTYPES = YES;
				CLANG_WARN_SUSPICIOUS_MOVE = YES;
				CLANG_WARN_UNGUARDED_AVAILABILITY = YES_AGGRESSIVE;
				CLANG_WARN_UNREACHABLE_CODE = YES;
				CLANG_WARN__DUPLICATE_METHOD_MATCH = YES;
				COPY_PHASE_STRIP = NO;
				DEBUG_INFORMATION_FORMAT = "dwarf-with-dsym";
				ENABLE_NS_ASSERTIONS = NO;
				ENABLE_STRICT_OBJC_MSGSEND = YES;
				ENABLE_USER_SCRIPT_SANDBOXING = YES;
				GCC_C_LANGUAGE_STANDARD = gnu17;
				GCC_NO_COMMON_BLOCKS = YES;
				GCC_WARN_64_TO_32_BIT_CONVERSION = YES;
				GCC_WARN_ABOUT_RETURN_TYPE = YES_ERROR;
				GCC_WARN_UNDECLARED_SELECTOR = YES;
				GCC_WARN_UNINITIALIZED_AUTOS = YES_AGGRESSIVE;
				GCC_WARN_UNUSED_FUNCTION = YES;
				GCC_WARN_UNUSED_VARIABLE = YES;
				IPHONEOS_DEPLOYMENT_TARGET = 26.4;
				LOCALIZATION_PREFERS_STRING_CATALOGS = YES;
				MTL_ENABLE_DEBUG_INFO = NO;
				MTL_FAST_MATH = YES;
				SDKROOT = iphoneos;
				SWIFT_COMPILATION_MODE = wholemodule;
				VALIDATE_PRODUCT = YES;
			};
			name = Release;
		};
		260BF3302FB0C3570058DAF5 /* Debug */ = {
			isa = XCBuildConfiguration;
			buildSettings = {
				ASSETCATALOG_COMPILER_APPICON_NAME = AppIcon;
				ASSETCATALOG_COMPILER_GLOBAL_ACCENT_COLOR_NAME = AccentColor;
				CODE_SIGN_ENTITLEMENTS = Config/Nyanglish.entitlements;
				CODE_SIGN_STYLE = Automatic;
				CURRENT_PROJECT_VERSION = 1;
				DEVELOPMENT_TEAM = KP6GKUQKT5;
				ENABLE_PREVIEWS = YES;
				GENERATE_INFOPLIST_FILE = NO;
				INFOPLIST_FILE = "Config/Nyanglish-Info.plist";
				LD_RUNPATH_SEARCH_PATHS = (
					"$(inherited)",
					"@executable_path/Frameworks",
				);
				MARKETING_VERSION = 1.0;
				PRODUCT_BUNDLE_IDENTIFIER = "yujik-tigers.Nyanglish";
				PRODUCT_NAME = "$(TARGET_NAME)";
				STRING_CATALOG_GENERATE_SYMBOLS = YES;
				SUPPORTED_PLATFORMS = "iphoneos iphonesimulator";
				SUPPORTS_MACCATALYST = NO;
				SUPPORTS_MAC_DESIGNED_FOR_IPHONE_IPAD = NO;
				SUPPORTS_XR_DESIGNED_FOR_IPHONE_IPAD = NO;
				SWIFT_APPROACHABLE_CONCURRENCY = YES;
				SWIFT_DEFAULT_ACTOR_ISOLATION = MainActor;
				SWIFT_EMIT_LOC_STRINGS = YES;
				SWIFT_UPCOMING_FEATURE_MEMBER_IMPORT_VISIBILITY = YES;
				SWIFT_VERSION = 5.0;
				TARGETED_DEVICE_FAMILY = 1;
			};
			name = Debug;
		};
		260BF3312FB0C3570058DAF5 /* Release */ = {
			isa = XCBuildConfiguration;
			buildSettings = {
				ASSETCATALOG_COMPILER_APPICON_NAME = AppIcon;
				ASSETCATALOG_COMPILER_GLOBAL_ACCENT_COLOR_NAME = AccentColor;
				CODE_SIGN_ENTITLEMENTS = Config/Nyanglish.entitlements;
				CODE_SIGN_STYLE = Automatic;
				CURRENT_PROJECT_VERSION = 1;
				DEVELOPMENT_TEAM = KP6GKUQKT5;
				ENABLE_PREVIEWS = YES;
				GENERATE_INFOPLIST_FILE = NO;
				INFOPLIST_FILE = "Config/Nyanglish-Info.plist";
				LD_RUNPATH_SEARCH_PATHS = (
					"$(inherited)",
					"@executable_path/Frameworks",
				);
				MARKETING_VERSION = 1.0;
				PRODUCT_BUNDLE_IDENTIFIER = "yujik-tigers.Nyanglish";
				PRODUCT_NAME = "$(TARGET_NAME)";
				STRING_CATALOG_GENERATE_SYMBOLS = YES;
				SUPPORTED_PLATFORMS = "iphoneos iphonesimulator";
				SUPPORTS_MACCATALYST = NO;
				SUPPORTS_MAC_DESIGNED_FOR_IPHONE_IPAD = NO;
				SUPPORTS_XR_DESIGNED_FOR_IPHONE_IPAD = NO;
				SWIFT_APPROACHABLE_CONCURRENCY = YES;
				SWIFT_DEFAULT_ACTOR_ISOLATION = MainActor;
				SWIFT_EMIT_LOC_STRINGS = YES;
				SWIFT_UPCOMING_FEATURE_MEMBER_IMPORT_VISIBILITY = YES;
				SWIFT_VERSION = 5.0;
				TARGETED_DEVICE_FAMILY = 1;
			};
			name = Release;
		};
		260BF3332FB0C3570058DAF5 /* Debug */ = {
			isa = XCBuildConfiguration;
			buildSettings = {
				BUNDLE_LOADER = "$(TEST_HOST)";
				CODE_SIGN_STYLE = Automatic;
				CURRENT_PROJECT_VERSION = 1;
				GENERATE_INFOPLIST_FILE = YES;
				IPHONEOS_DEPLOYMENT_TARGET = 26.4;
				MARKETING_VERSION = 1.0;
				PRODUCT_BUNDLE_IDENTIFIER = "yujik-tigers.NyanglishTests";
				PRODUCT_NAME = "$(TARGET_NAME)";
				STRING_CATALOG_GENERATE_SYMBOLS = NO;
				SUPPORTED_PLATFORMS = "iphoneos iphonesimulator";
				SUPPORTS_MACCATALYST = NO;
				SUPPORTS_MAC_DESIGNED_FOR_IPHONE_IPAD = NO;
				SUPPORTS_XR_DESIGNED_FOR_IPHONE_IPAD = NO;
				SWIFT_APPROACHABLE_CONCURRENCY = YES;
				SWIFT_EMIT_LOC_STRINGS = NO;
				SWIFT_UPCOMING_FEATURE_MEMBER_IMPORT_VISIBILITY = YES;
				SWIFT_VERSION = 5.0;
				TARGETED_DEVICE_FAMILY = 1;
				TEST_HOST = "$(BUILT_PRODUCTS_DIR)/Nyanglish.app/$(BUNDLE_EXECUTABLE_FOLDER_PATH)/Nyanglish";
			};
			name = Debug;
		};
		260BF3342FB0C3570058DAF5 /* Release */ = {
			isa = XCBuildConfiguration;
			buildSettings = {
				BUNDLE_LOADER = "$(TEST_HOST)";
				CODE_SIGN_STYLE = Automatic;
				CURRENT_PROJECT_VERSION = 1;
				GENERATE_INFOPLIST_FILE = YES;
				IPHONEOS_DEPLOYMENT_TARGET = 26.4;
				MARKETING_VERSION = 1.0;
				PRODUCT_BUNDLE_IDENTIFIER = "yujik-tigers.NyanglishTests";
				PRODUCT_NAME = "$(TARGET_NAME)";
				STRING_CATALOG_GENERATE_SYMBOLS = NO;
				SUPPORTED_PLATFORMS = "iphoneos iphonesimulator";
				SUPPORTS_MACCATALYST = NO;
				SUPPORTS_MAC_DESIGNED_FOR_IPHONE_IPAD = NO;
				SUPPORTS_XR_DESIGNED_FOR_IPHONE_IPAD = NO;
				SWIFT_APPROACHABLE_CONCURRENCY = YES;
				SWIFT_EMIT_LOC_STRINGS = NO;
				SWIFT_UPCOMING_FEATURE_MEMBER_IMPORT_VISIBILITY = YES;
				SWIFT_VERSION = 5.0;
				TARGETED_DEVICE_FAMILY = 1;
				TEST_HOST = "$(BUILT_PRODUCTS_DIR)/Nyanglish.app/$(BUNDLE_EXECUTABLE_FOLDER_PATH)/Nyanglish";
			};
			name = Release;
		};
		260BF3362FB0C3570058DAF5 /* Debug */ = {
			isa = XCBuildConfiguration;
			buildSettings = {
				CODE_SIGN_STYLE = Automatic;
				CURRENT_PROJECT_VERSION = 1;
				GENERATE_INFOPLIST_FILE = YES;
				MARKETING_VERSION = 1.0;
				PRODUCT_BUNDLE_IDENTIFIER = "yujik-tigers.NyanglishUITests";
				PRODUCT_NAME = "$(TARGET_NAME)";
				STRING_CATALOG_GENERATE_SYMBOLS = NO;
				SUPPORTED_PLATFORMS = "iphoneos iphonesimulator";
				SUPPORTS_MACCATALYST = NO;
				SUPPORTS_MAC_DESIGNED_FOR_IPHONE_IPAD = NO;
				SUPPORTS_XR_DESIGNED_FOR_IPHONE_IPAD = NO;
				SWIFT_APPROACHABLE_CONCURRENCY = YES;
				SWIFT_EMIT_LOC_STRINGS = NO;
				SWIFT_UPCOMING_FEATURE_MEMBER_IMPORT_VISIBILITY = YES;
				SWIFT_VERSION = 5.0;
				TARGETED_DEVICE_FAMILY = 1;
				TEST_TARGET_NAME = Nyanglish;
			};
			name = Debug;
		};
		260BF3372FB0C3570058DAF5 /* Release */ = {
			isa = XCBuildConfiguration;
			buildSettings = {
				CODE_SIGN_STYLE = Automatic;
				CURRENT_PROJECT_VERSION = 1;
				GENERATE_INFOPLIST_FILE = YES;
				MARKETING_VERSION = 1.0;
				PRODUCT_BUNDLE_IDENTIFIER = "yujik-tigers.NyanglishUITests";
				PRODUCT_NAME = "$(TARGET_NAME)";
				STRING_CATALOG_GENERATE_SYMBOLS = NO;
				SUPPORTED_PLATFORMS = "iphoneos iphonesimulator";
				SUPPORTS_MACCATALYST = NO;
				SUPPORTS_MAC_DESIGNED_FOR_IPHONE_IPAD = NO;
				SUPPORTS_XR_DESIGNED_FOR_IPHONE_IPAD = NO;
				SWIFT_APPROACHABLE_CONCURRENCY = YES;
				SWIFT_EMIT_LOC_STRINGS = NO;
				SWIFT_UPCOMING_FEATURE_MEMBER_IMPORT_VISIBILITY = YES;
				SWIFT_VERSION = 5.0;
				TARGETED_DEVICE_FAMILY = 1;
				TEST_TARGET_NAME = Nyanglish;
			};
			name = Release;
		};
		26A000262FC4A00000000001 /* Debug */ = {
			isa = XCBuildConfiguration;
			buildSettings = {
				APPLICATION_EXTENSION_API_ONLY = YES;
				ASSETCATALOG_COMPILER_GLOBAL_ACCENT_COLOR_NAME = AccentColor;
				CODE_SIGN_ENTITLEMENTS = Config/NyanglishWidget.entitlements;
				CODE_SIGN_STYLE = Automatic;
				CURRENT_PROJECT_VERSION = 1;
				DEVELOPMENT_TEAM = KP6GKUQKT5;
				GENERATE_INFOPLIST_FILE = NO;
				INFOPLIST_FILE = "Config/NyanglishWidget-Info.plist";
				IPHONEOS_DEPLOYMENT_TARGET = 26.4;
				LD_RUNPATH_SEARCH_PATHS = (
					"$(inherited)",
					"@executable_path/Frameworks",
					"@executable_path/../../Frameworks",
				);
				MARKETING_VERSION = 1.0;
				PRODUCT_BUNDLE_IDENTIFIER = "yujik-tigers.Nyanglish.NyanglishWidget";
				PRODUCT_NAME = "$(TARGET_NAME)";
				SKIP_INSTALL = YES;
				STRING_CATALOG_GENERATE_SYMBOLS = YES;
				SUPPORTED_PLATFORMS = "iphoneos iphonesimulator";
				SUPPORTS_MACCATALYST = NO;
				SUPPORTS_MAC_DESIGNED_FOR_IPHONE_IPAD = NO;
				SUPPORTS_XR_DESIGNED_FOR_IPHONE_IPAD = NO;
				SWIFT_APPROACHABLE_CONCURRENCY = YES;
				SWIFT_DEFAULT_ACTOR_ISOLATION = MainActor;
				SWIFT_EMIT_LOC_STRINGS = YES;
				SWIFT_UPCOMING_FEATURE_MEMBER_IMPORT_VISIBILITY = YES;
				SWIFT_VERSION = 5.0;
				TARGETED_DEVICE_FAMILY = 1;
			};
			name = Debug;
		};
		26A000272FC4A00000000001 /* Release */ = {
			isa = XCBuildConfiguration;
			buildSettings = {
				APPLICATION_EXTENSION_API_ONLY = YES;
				ASSETCATALOG_COMPILER_GLOBAL_ACCENT_COLOR_NAME = AccentColor;
				CODE_SIGN_ENTITLEMENTS = Config/NyanglishWidget.entitlements;
				CODE_SIGN_STYLE = Automatic;
				CURRENT_PROJECT_VERSION = 1;
				DEVELOPMENT_TEAM = KP6GKUQKT5;
				GENERATE_INFOPLIST_FILE = NO;
				INFOPLIST_FILE = "Config/NyanglishWidget-Info.plist";
				IPHONEOS_DEPLOYMENT_TARGET = 26.4;
				LD_RUNPATH_SEARCH_PATHS = (
					"$(inherited)",
					"@executable_path/Frameworks",
					"@executable_path/../../Frameworks",
				);
				MARKETING_VERSION = 1.0;
				PRODUCT_BUNDLE_IDENTIFIER = "yujik-tigers.Nyanglish.NyanglishWidget";
				PRODUCT_NAME = "$(TARGET_NAME)";
				SKIP_INSTALL = YES;
				STRING_CATALOG_GENERATE_SYMBOLS = YES;
				SUPPORTED_PLATFORMS = "iphoneos iphonesimulator";
				SUPPORTS_MACCATALYST = NO;
				SUPPORTS_MAC_DESIGNED_FOR_IPHONE_IPAD = NO;
				SUPPORTS_XR_DESIGNED_FOR_IPHONE_IPAD = NO;
				SWIFT_APPROACHABLE_CONCURRENCY = YES;
				SWIFT_EMIT_LOC_STRINGS = YES;
				SWIFT_UPCOMING_FEATURE_MEMBER_IMPORT_VISIBILITY = YES;
				SWIFT_VERSION = 5.0;
				TARGETED_DEVICE_FAMILY = 1;
			};
			name = Release;
		};
/* End XCBuildConfiguration section */

/* Begin XCConfigurationList section */
		260BF3072FB0C3560058DAF5 /* Build configuration list for PBXProject "Nyanglish" */ = {
			isa = XCConfigurationList;
			buildConfigurations = (
				260BF32D2FB0C3570058DAF5 /* Debug */,
				260BF32E2FB0C3570058DAF5 /* Release */,
			);
			defaultConfigurationIsVisible = 0;
			defaultConfigurationName = Release;
		};
		260BF32F2FB0C3570058DAF5 /* Build configuration list for PBXNativeTarget "Nyanglish" */ = {
			isa = XCConfigurationList;
			buildConfigurations = (
				260BF3302FB0C3570058DAF5 /* Debug */,
				260BF3312FB0C3570058DAF5 /* Release */,
			);
			defaultConfigurationIsVisible = 0;
			defaultConfigurationName = Release;
		};
		260BF3322FB0C3570058DAF5 /* Build configuration list for PBXNativeTarget "NyanglishTests" */ = {
			isa = XCConfigurationList;
			buildConfigurations = (
				260BF3332FB0C3570058DAF5 /* Debug */,
				260BF3342FB0C3570058DAF5 /* Release */,
			);
			defaultConfigurationIsVisible = 0;
			defaultConfigurationName = Release;
		};
		260BF3352FB0C3570058DAF5 /* Build configuration list for PBXNativeTarget "NyanglishUITests" */ = {
			isa = XCConfigurationList;
			buildConfigurations = (
				260BF3362FB0C3570058DAF5 /* Debug */,
				260BF3372FB0C3570058DAF5 /* Release */,
			);
			defaultConfigurationIsVisible = 0;
			defaultConfigurationName = Release;
		};
		26A000252FC4A00000000001 /* Build configuration list for PBXNativeTarget "NyanglishWidget" */ = {
			isa = XCConfigurationList;
			buildConfigurations = (
				26A000262FC4A00000000001 /* Debug */,
				26A000272FC4A00000000001 /* Release */,
			);
			defaultConfigurationIsVisible = 0;
			defaultConfigurationName = Release;
		};
/* End XCConfigurationList section */
	};
	rootObject = 260BF3042FB0C3560058DAF5 /* Project object */;
}
